// !$*UTF8*$!
{
	archiveVersion = 1;
	classes = {
	};
	objectVersion = 46;
	objects = {

/* Begin PBXBuildFile section */
		F848F99B1B69EF8B003D88E3 /* main.c in Sources */ = {isa = PBXBuildFile; fileRef = F848F99A1B69EF8B003D88E3 /* main.c */; };
		F848F99D1B69EF8B003D88E3 /* GetMetadataForFile.m in Sources */ = {isa = PBXBuildFile; fileRef = F848F99C1B69EF8B003D88E3 /* GetMetadataForFile.m */; };
/* End PBXBuildFile section */

/* Begin PBXFileReference section */
		F848F9951B69EF8B003D88E3 /* MarkdownSpotlightIndexer.mdimporter */ = {isa = PBXFileReference; explicitFileType = "wrapper.spotlight-importer"; includeInIndex = 0; path = MarkdownSpotlightIndexer.mdimporter; sourceTree = BUILT_PRODUCTS_DIR; };
		F848F9991B69EF8B003D88E3 /* Info.plist */ = {isa = PBXFileReference; lastKnownFileType = text.plist.xml; path = Info.plist; sourceTree = "<group>"; };
		F848F99A1B69EF8B003D88E3 /* main.c */ = {isa = PBXFileReference; lastKnownFileType = sourcecode.c.c; path = main.c; sourceTree = "<group>"; };
		F848F99C1B69EF8B003D88E3 /* GetMetadataForFile.m */ = {isa = PBXFileReference; lastKnownFileType = sourcecode.c.objc; path = GetMetadataForFile.m; sourceTree = "<group>"; };
/* End PBXFileReference section */

/* Begin PBXFrameworksBuildPhase section */
		F848F9921B69EF8B003D88E3 /* Frameworks */ = {
			isa = PBXFrameworksBuildPhase;
			buildActionMask = 2147483647;
			files = (
			);
			runOnlyForDeploymentPostprocessing = 0;
		};
/* End PBXFrameworksBuildPhase section */

/* Begin PBXGroup section */
		F848F98C1B69EF8B003D88E3 = {
			isa = PBXGroup;
			children = (
				F848F9971B69EF8B003D88E3 /* MarkdownSpotlightIndexer */,
				F848F9961B69EF8B003D88E3 /* Products */,
			);
			sourceTree = "<group>";
		};
		F848F9961B69EF8B003D88E3 /* Products */ = {
			isa = PBXGroup;
			children = (
				F848F9951B69EF8B003D88E3 /* MarkdownSpotlightIndexer.mdimporter */,
			);
			name = Products;
			sourceTree = "<group>";
		};
		F848F9971B69EF8B003D88E3 /* MarkdownSpotlightIndexer */ = {
			isa = PBXGroup;
			children = (
				F848F99C1B69EF8B003D88E3 /* GetMetadataForFile.m */,
				F848F9981B69EF8B003D88E3 /* Supporting Files */,
			);
			path = MarkdownSpotlightIndexer;
			sourceTree = "<group>";
		};
		F848F9981B69EF8B003D88E3 /* Supporting Files */ = {
			isa = PBXGroup;
			children = (
				F848F9991B69EF8B003D88E3 /* Info.plist */,
				F848F99A1B69EF8B003D88E3 /* main.c */,
			);
			name = "Supporting Files";
			sourceTree = "<group>";
		};
/* End PBXGroup section */

/* Begin PBXNativeTarget section */
		F848F9941B69EF8B003D88E3 /* MarkdownSpotlightIndexer */ = {
			isa = PBXNativeTarget;
			buildConfigurationList = F848F9A41B69EF8B003D88E3 /* Build configuration list for PBXNativeTarget "MarkdownSpotlightIndexer" */;
			buildPhases = (
				F848F9911B69EF8B003D88E3 /* Sources */,
				F848F9921B69EF8B003D88E3 /* Frameworks */,
				F848F9931B69EF8B003D88E3 /* Resources */,
			);
			buildRules = (
			);
			dependencies = (
			);
			name = MarkdownSpotlightIndexer;
			productName = MarkdownSpotlightIndexer;
			productReference = F848F9951B69EF8B003D88E3 /* MarkdownSpotlightIndexer.mdimporter */;
			productType = "com.apple.product-type.spotlight-importer";
		};
/* End PBXNativeTarget section */

/* Begin PBXProject section */
		F848F98D1B69EF8B003D88E3 /* Project object */ = {
			isa = PBXProject;
			attributes = {
				LastUpgradeCheck = 0640;
				ORGANIZATIONNAME = "Gordon Byrnes";
				TargetAttributes = {
					F848F9941B69EF8B003D88E3 = {
						CreatedOnToolsVersion = 6.4;
					};
				};
			};
			buildConfigurationList = F848F9901B69EF8B003D88E3 /* Build configuration list for PBXProject "MarkdownSpotlightIndexer" */;
			compatibilityVersion = "Xcode 3.2";
			developmentRegion = English;
			hasScannedForEncodings = 0;
			knownRegions = (
				en,
			);
			mainGroup = F848F98C1B69EF8B003D88E3;
			productRefGroup = F848F9961B69EF8B003D88E3 /* Products */;
			projectDirPath = "";
			projectRoot = "";
			targets = (
				F848F9941B69EF8B003D88E3 /* MarkdownSpotlightIndexer */,
			);
		};
/* End PBXProject section */

/* Begin PBXResourcesBuildPhase section */
		F848F9931B69EF8B003D88E3 /* Resources */ = {
			isa = PBXResourcesBuildPhase;
			buildActionMask = 2147483647;
			files = (
			);
			runOnlyForDeploymentPostprocessing = 0;
		};
/* End PBXResourcesBuildPhase section */

/* Begin PBXSourcesBuildPhase section */
		F848F9911B69EF8B003D88E3 /* Sources */ = {
			isa = PBXSourcesBuildPhase;
			buildActionMask = 2147483647;
			files = (
				F848F99B1B69EF8B003D88E3 /* main.c in Sources */,
				F848F99D1B69EF8B003D88E3 /* GetMetadataForFile.m in Sources */,
			);
			runOnlyForDeploymentPostprocessing = 0;
		};
/* End PBXSourcesBuildPhase section */

/* Begin XCBuildConfiguration section */
		F848F9A21B69EF8B003D88E3 /* Debug */ = {
			isa = XCBuildConfiguration;
			buildSettings = {
				ALWAYS_SEARCH_USER_PATHS = NO;
				CLANG_CXX_LANGUAGE_STANDARD = "gnu++0x";
				CLANG_CXX_LIBRARY = "libc++";
				CLANG_ENABLE_MODULES = YES;
				CLANG_ENABLE_OBJC_ARC = YES;
				CLANG_WARN_BOOL_CONVERSION = YES;
				CLANG_WARN_CONSTANT_CONVERSION = YES;
				CLANG_WARN_DIRECT_OBJC_ISA_USAGE = YES_ERROR;
				CLANG_WARN_EMPTY_BODY = YES;
				CLANG_WARN_ENUM_CONVERSION = YES;
				CLANG_WARN_INT_CONVERSION = YES;
				CLANG_WARN_OBJC_ROOT_CLASS = YES_ERROR;
				CLANG_WARN_UNREACHABLE_CODE = YES;
				CLANG_WARN__DUPLICATE_METHOD_MATCH = YES;
				COPY_PHASE_STRIP = NO;
				DEBUG_INFORMATION_FORMAT = dwarf;
				ENABLE_STRICT_OBJC_MSGSEND = YES;
				GCC_C_LANGUAGE_STANDARD = gnu99;
				GCC_DYNAMIC_NO_PIC = NO;
				GCC_NO_COMMON_BLOCKS = YES;
				GCC_OPTIMIZATION_LEVEL = 0;
				GCC_PREPROCESSOR_DEFINITIONS = (
					"DEBUG=1",
					"$(inherited)",
				);
				GCC_SYMBOLS_PRIVATE_EXTERN = NO;
				GCC_WARN_64_TO_32_BIT_CONVERSION = YES;
				GCC_WARN_ABOUT_RETURN_TYPE = YES_ERROR;
				GCC_WARN_UNDECLARED_SELECTOR = YES;
				GCC_WARN_UNINITIALIZED_AUTOS = YES_AGGRESSIVE;
				GCC_WARN_UNUSED_FUNCTION = YES;
				GCC_WARN_UNUSED_VARIABLE = YES;
				MACOSX_DEPLOYMENT_TARGET = 10.10;
				MTL_ENABLE_DEBUG_INFO = YES;
				ONLY_ACTIVE_ARCH = YES;
				SDKROOT = macosx;
			};
			name = Debug;
		};
		F848F9A31B69EF8B003D88E3 /* Release */ = {
			isa = XCBuildConfiguration;
			buildSettings = {
				ALWAYS_SEARCH_USER_PATHS = NO;
				CLANG_CXX_LANGUAGE_STANDARD = "gnu++0x";
				CLANG_CXX_LIBRARY = "libc++";
				CLANG_ENABLE_MODULES = YES;
				CLANG_ENABLE_OBJC_ARC = YES;
				CLANG_WARN_BOOL_CONVERSION = YES;
				CLANG_WARN_CONSTANT_CONVERSION = YES;
				CLANG_WARN_DIRECT_OBJC_ISA_USAGE = YES_ERROR;
				CLANG_WARN_EMPTY_BODY = YES;
				CLANG_WARN_ENUM_CONVERSION = YES;
				CLANG_WARN_INT_CONVERSION = YES;
				CLANG_WARN_OBJC_ROOT_CLASS = YES_ERROR;
				CLANG_WARN_UNREACHABLE_CODE = YES;
				CLANG_WARN__DUPLICATE_METHOD_MATCH = YES;
				COPY_PHASE_STRIP = NO;
				DEBUG_INFORMATION_FORMAT = "dwarf-with-dsym";
				ENABLE_NS_ASSERTIONS = NO;
				ENABLE_STRICT_OBJC_MSGSEND = YES;
				GCC_C_LANGUAGE_STANDARD = gnu99;
				GCC_NO_COMMON_BLOCKS = YES;
				GCC_WARN_64_TO_32_BIT_CONVERSION = YES;
				GCC_WARN_ABOUT_RETURN_TYPE = YES_ERROR;
				GCC_WARN_UNDECLARED_SELECTOR = YES;
				GCC_WARN_UNINITIALIZED_AUTOS = YES_AGGRESSIVE;
				GCC_WARN_UNUSED_FUNCTION = YES;
				GCC_WARN_UNUSED_VARIABLE = YES;
				MACOSX_DEPLOYMENT_TARGET = 10.10;
				MTL_ENABLE_DEBUG_INFO = NO;
				SDKROOT = macosx;
			};
			name = Release;
		};
		F848F9A51B69EF8B003D88E3 /* Debug */ = {
			isa = XCBuildConfiguration;
			buildSettings = {
				ALWAYS_SEARCH_USER_PATHS = YES;
				CODE_SIGN_IDENTITY = "Mac Developer: Gordon Byrnes (MSBPPLBKVQ)";
				COMBINE_HIDPI_IMAGES = YES;
				INFOPLIST_FILE = MarkdownSpotlightIndexer/Info.plist;
				INSTALL_PATH = "@executable_path/../Contents/Library/Spotlight";
				LIBRARY_STYLE = BUNDLE;
				PRODUCT_NAME = "$(TARGET_NAME)";
				SKIP_INSTALL = YES;
				WRAPPER_EXTENSION = mdimporter;
			};
			name = Debug;
		};
		F848F9A61B69EF8B003D88E3 /* Release */ = {
			isa = XCBuildConfiguration;
			buildSettings = {
				ALWAYS_SEARCH_USER_PATHS = YES;
				CODE_SIGN_IDENTITY = "Mac Developer: Gordon Byrnes (MSBPPLBKVQ)";
				COMBINE_HIDPI_IMAGES = YES;
				INFOPLIST_FILE = MarkdownSpotlightIndexer/Info.plist;
				INSTALL_PATH = "@executable_path/../Contents/Library/Spotlight";
				LIBRARY_STYLE = BUNDLE;
				PRODUCT_NAME = "$(TARGET_NAME)";
				SKIP_INSTALL = YES;
				WRAPPER_EXTENSION = mdimporter;
			};
			name = Release;
		};
/* End XCBuildConfiguration section */

/* Begin XCConfigurationList section */
		F848F9901B69EF8B003D88E3 /* Build configuration list for PBXProject "MarkdownSpotlightIndexer" */ = {
			isa = XCConfigurationList;
			buildConfigurations = (
				F848F9A21B69EF8B003D88E3 /* Debug */,
				F848F9A31B69EF8B003D88E3 /* Release */,
			);
			defaultConfigurationIsVisible = 0;
			defaultConfigurationName = Release;
		};
		F848F9A41B69EF8B003D88E3 /* Build configuration list for PBXNativeTarget "MarkdownSpotlightIndexer" */ = {
			isa = XCConfigurationList;
			buildConfigurations = (
				F848F9A51B69EF8B003D88E3 /* Debug */,
				F848F9A61B69EF8B003D88E3 /* Release */,
			);
			defaultConfigurationIsVisible = 0;
			defaultConfigurationName = Release;
		};
/* End XCConfigurationList section */
	};
	rootObject = F848F98D1B69EF8B003D88E3 /* Project object */;
}
